
Microsoft Visual Studio Solution File, Format Version 12.00
# Visual Studio 15
VisualStudioVersion = 15.0.27004.2008
MinimumVisualStudioVersion = 10.0.40219.1
Project("{FAE04EC0-301F-11D3-BF4B-00C04F79EFBC}") = "QuizApp", "QuizApp\QuizApp.csproj", "{D6215A84-1F1E-4CCD-B61F-0F5F2B7A72E0}"
EndProject
Global
	GlobalSection(SolutionConfigurationPlatforms) = preSolution
		Debug|Any CPU = Debug|Any CPU
		Release|Any CPU = Release|Any CPU
	EndGlobalSection
	GlobalSection(ProjectConfigurationPlatforms) = postSolution
		{D6215A84-1F1E-4CCD-B61F-0F5F2B7A72E0}.Debug|Any CPU.ActiveCfg = Debug|Any CPU
		{D6215A84-1F1E-4CCD-B61F-0F5F2B7A72E0}.Debug|Any CPU.Build.0 = Debug|Any CPU
		{D6215A84-1F1E-4CCD-B61F-0F5F2B7A72E0}.Release|Any CPU.ActiveCfg = Release|Any CPU
		{D6215A84-1F1E-4CCD-B61F-0F5F2B7A72E0}.Release|Any CPU.Build.0 = Release|Any CPU
	EndGlobalSection
	GlobalSection(SolutionProperties) = preSolution
		HideSolutionNode = FALSE
	EndGlobalSection
	GlobalSection(ExtensibilityGlobals) = postSolution
		SolutionGuid = {EEE200BE-0AA3-4DC0-B948-B7ED67E2AAF0}
	EndGlobalSection
EndGlobal
